
Microsoft Visual Studio Solution File, Format Version 12.00
# Visual Studio Version 17
VisualStudioVersion = 17.7.34221.43
MinimumVisualStudioVersion = 10.0.40219.1
Project("{54A90642-561A-4BB1-A94E-469ADEE60C69}") = "reactapp", "reactapp\reactapp.esproj", "{A7CE294D-5755-43FD-952F-397D41C29CC2}"
EndProject
Project("{9A19103F-16F7-4668-BE54-9A1E7A4F7556}") = "webapi", "webapi\webapi.csproj", "{CC6FF60B-0665-450B-904E-60FEDDE82E3C}"
EndProject
Global
	GlobalSection(SolutionConfigurationPlatforms) = preSolution
		Debug|Any CPU = Debug|Any CPU
		Release|Any CPU = Release|Any CPU
	EndGlobalSection
	GlobalSection(ProjectConfigurationPlatforms) = postSolution
		{A7CE294D-5755-43FD-952F-397D41C29CC2}.Debug|Any CPU.ActiveCfg = Debug|Any CPU
		{A7CE294D-5755-43FD-952F-397D41C29CC2}.Debug|Any CPU.Build.0 = Debug|Any CPU
		{A7CE294D-5755-43FD-952F-397D41C29CC2}.Debug|Any CPU.Deploy.0 = Debug|Any CPU
		{A7CE294D-5755-43FD-952F-397D41C29CC2}.Release|Any CPU.ActiveCfg = Release|Any CPU
		{A7CE294D-5755-43FD-952F-397D41C29CC2}.Release|Any CPU.Build.0 = Release|Any CPU
		{A7CE294D-5755-43FD-952F-397D41C29CC2}.Release|Any CPU.Deploy.0 = Release|Any CPU
		{CC6FF60B-0665-450B-904E-60FEDDE82E3C}.Debug|Any CPU.ActiveCfg = Debug|Any CPU
		{CC6FF60B-0665-450B-904E-60FEDDE82E3C}.Debug|Any CPU.Build.0 = Debug|Any CPU
		{CC6FF60B-0665-450B-904E-60FEDDE82E3C}.Release|Any CPU.ActiveCfg = Release|Any CPU
		{CC6FF60B-0665-450B-904E-60FEDDE82E3C}.Release|Any CPU.Build.0 = Release|Any CPU
	EndGlobalSection
	GlobalSection(SolutionProperties) = preSolution
		HideSolutionNode = FALSE
	EndGlobalSection
	GlobalSection(ExtensibilityGlobals) = postSolution
		SolutionGuid = {FBCD2370-EB19-4936-A2F3-F44F7BB5CED2}
	EndGlobalSection
EndGlobal
